
Microsoft Visual Studio Solution File, Format Version 12.00
# Visual Studio Version 17
VisualStudioVersion = 17.7.34031.279
MinimumVisualStudioVersion = 10.0.40219.1
Project("{FAE04EC0-301F-11D3-BF4B-00C04F79EFBC}") = "CachingPractice", "CachingPractice\CachingPractice.csproj", "{99155368-9928-4D10-8A9D-4D7107D3D91D}"
EndProject
Project("{FAE04EC0-301F-11D3-BF4B-00C04F79EFBC}") = "LazyCachePractice", "LazyCachePractice\LazyCachePractice.csproj", "{B6894A87-817E-432F-9CDC-6AE81061C677}"
EndProject
Global
	GlobalSection(SolutionConfigurationPlatforms) = preSolution
		Debug|Any CPU = Debug|Any CPU
		Release|Any CPU = Release|Any CPU
	EndGlobalSection
	GlobalSection(ProjectConfigurationPlatforms) = postSolution
		{99155368-9928-4D10-8A9D-4D7107D3D91D}.Debug|Any CPU.ActiveCfg = Debug|Any CPU
		{99155368-9928-4D10-8A9D-4D7107D3D91D}.Debug|Any CPU.Build.0 = Debug|Any CPU
		{99155368-9928-4D10-8A9D-4D7107D3D91D}.Release|Any CPU.ActiveCfg = Release|Any CPU
		{99155368-9928-4D10-8A9D-4D7107D3D91D}.Release|Any CPU.Build.0 = Release|Any CPU
		{B6894A87-817E-432F-9CDC-6AE81061C677}.Debug|Any CPU.ActiveCfg = Debug|Any CPU
		{B6894A87-817E-432F-9CDC-6AE81061C677}.Debug|Any CPU.Build.0 = Debug|Any CPU
		{B6894A87-817E-432F-9CDC-6AE81061C677}.Release|Any CPU.ActiveCfg = Release|Any CPU
		{B6894A87-817E-432F-9CDC-6AE81061C677}.Release|Any CPU.Build.0 = Release|Any CPU
	EndGlobalSection
	GlobalSection(SolutionProperties) = preSolution
		HideSolutionNode = FALSE
	EndGlobalSection
	GlobalSection(ExtensibilityGlobals) = postSolution
		SolutionGuid = {8D7059E8-ACD0-459C-9568-6049096EB32E}
	EndGlobalSection
EndGlobal
